
Microsoft Visual Studio Solution File, Format Version 12.00
# Visual Studio Version 16
VisualStudioVersion = 16.0.31313.79
MinimumVisualStudioVersion = 10.0.40219.1
Project("{2150E333-8FDC-42A3-9474-1A3956D46DE8}") = "ShopManagement", "ShopManagement", "{5EEA0A42-04C6-4CEC-9966-4A0C27AB9CD3}"
EndProject
Project("{2150E333-8FDC-42A3-9474-1A3956D46DE8}") = "SM.Domain", "SM.Domain", "{125550C2-A59F-4278-8BC5-7B98D70A3A78}"
EndProject
Project("{9A19103F-16F7-4668-BE54-9A1E7A4F7556}") = "ShopManagement.Domain", "ShopManagement.Domain\ShopManagement.Domain.csproj", "{CAE282E7-D075-4A6D-BB3F-020351FEB01F}"
EndProject
Project("{9A19103F-16F7-4668-BE54-9A1E7A4F7556}") = "0_Framework", "0_Framework\0_Framework.csproj", "{62507049-1C0D-4F22-A935-EE652C46E207}"
EndProject
Project("{2150E333-8FDC-42A3-9474-1A3956D46DE8}") = "Sm.Application", "Sm.Application", "{882D2A2C-4C87-4C18-9DA0-E870FBB8C7F3}"
EndProject
Project("{9A19103F-16F7-4668-BE54-9A1E7A4F7556}") = "ShopManagement.Application.Contracts", "ShopManagement.Application.Contracts\ShopManagement.Application.Contracts.csproj", "{9196A86D-24D5-49B2-8E8E-CBF8F708D34F}"
EndProject
Project("{9A19103F-16F7-4668-BE54-9A1E7A4F7556}") = "ShopManagement.Application", "ShopManagement.Application\ShopManagement.Application.csproj", "{BC47FD24-A16D-4C2B-9BEE-07CCBCF9186F}"
EndProject
Project("{2150E333-8FDC-42A3-9474-1A3956D46DE8}") = "SM.Infrastructure", "SM.Infrastructure", "{73A98BBC-ACF4-4765-B2CD-56F86779F3B3}"
EndProject
Project("{9A19103F-16F7-4668-BE54-9A1E7A4F7556}") = "ShopManagement.Infrastructure.EFCore", "ShopManagement.Infrastructure.EFCore\ShopManagement.Infrastructure.EFCore.csproj", "{113A53FA-173C-44D4-85FF-60B3C000E895}"
EndProject
Project("{9A19103F-16F7-4668-BE54-9A1E7A4F7556}") = "ShopManagement.Configuration", "ShopManagement.Infrastructure.Configuration\ShopManagement.Configuration.csproj", "{2DEFBF98-3F9B-4BD4-BFDD-F0918F2217BD}"
EndProject
Project("{9A19103F-16F7-4668-BE54-9A1E7A4F7556}") = "ServiceHost", "ServiceHost\ServiceHost.csproj", "{23156C05-B9CB-4355-BD5C-9DC4F7EC6854}"
EndProject
Project("{9A19103F-16F7-4668-BE54-9A1E7A4F7556}") = "01_EcommerceQuery", "01_EcommerceQuery\01_EcommerceQuery.csproj", "{1650F790-B303-465F-9B0C-5AD2D5B74133}"
EndProject
Project("{2150E333-8FDC-42A3-9474-1A3956D46DE8}") = "DiscountManagement", "DiscountManagement", "{1A3DE464-C926-4216-AF7D-F93E354735E8}"
EndProject
Project("{2150E333-8FDC-42A3-9474-1A3956D46DE8}") = "DM.Domain", "DM.Domain", "{FFAA25E4-8CE0-4539-A645-9210E465BE8B}"
EndProject
Project("{9A19103F-16F7-4668-BE54-9A1E7A4F7556}") = "DiscountManagement.Domain", "DiscountManagement.Domain\DiscountManagement.Domain.csproj", "{9A2FC243-A1A4-44FF-A76A-BB03A643B58B}"
EndProject
Project("{2150E333-8FDC-42A3-9474-1A3956D46DE8}") = "DM.Application", "DM.Application", "{B9AA79FE-2B49-4A7E-A69E-55511090B491}"
EndProject
Project("{9A19103F-16F7-4668-BE54-9A1E7A4F7556}") = "DiscountManagement.Application.Contracts", "DiscountManagement.Application.Contracts\DiscountManagement.Application.Contracts.csproj", "{E9D9F96B-E88B-4660-BAF0-164DAD1EE354}"
EndProject
Project("{9A19103F-16F7-4668-BE54-9A1E7A4F7556}") = "DiscountManagementApplication", "DiscountManagementApplication\DiscountManagementApplication.csproj", "{EF537706-5A75-4A66-8238-F6DE0D582AC8}"
EndProject
Project("{2150E333-8FDC-42A3-9474-1A3956D46DE8}") = "DM.Infrastructure", "DM.Infrastructure", "{94DF1E4C-35C0-4B1C-9591-3829BCD05B91}"
EndProject
Project("{9A19103F-16F7-4668-BE54-9A1E7A4F7556}") = "DiscountManagement.Infrastructure.EFCore", "DiscountManagement.Infrastructure.EFCore\DiscountManagement.Infrastructure.EFCore.csproj", "{EFAADC07-2F81-4A9B-B57C-EEC2FCA283FA}"
EndProject
Project("{9A19103F-16F7-4668-BE54-9A1E7A4F7556}") = "DiscountManagement.Configuration", "DiscountManagement.Infrastructure.Configuration\DiscountManagement.Configuration.csproj", "{09A9C32E-5463-4DD8-B2CB-A1C1E588BF7D}"
EndProject
Project("{2150E333-8FDC-42A3-9474-1A3956D46DE8}") = "InventoryManagement", "InventoryManagement", "{22C76B43-4153-4070-B853-7235324AF0C6}"
EndProject
Project("{2150E333-8FDC-42A3-9474-1A3956D46DE8}") = "IM.Domain", "IM.Domain", "{6B824BFD-63B8-4CA3-BC41-ABE12F070903}"
EndProject
Project("{9A19103F-16F7-4668-BE54-9A1E7A4F7556}") = "InventoryManagement.Domain", "InventoryManagement.Domain\InventoryManagement.Domain.csproj", "{89BED762-83E6-4841-9999-4D7740B95B14}"
EndProject
Project("{2150E333-8FDC-42A3-9474-1A3956D46DE8}") = "IM.Application", "IM.Application", "{F36C928F-B0FE-4A8C-997E-6AEF4F7AB9BE}"
EndProject
Project("{9A19103F-16F7-4668-BE54-9A1E7A4F7556}") = "InventoryManagement.Application.Contracts", "InventoryManagement.Application.Contracts\InventoryManagement.Application.Contracts.csproj", "{C9A53AF4-6F5C-46A4-B942-A8F501056B59}"
EndProject
Project("{2150E333-8FDC-42A3-9474-1A3956D46DE8}") = "IM.Infrastructure", "IM.Infrastructure", "{CC5BCB56-E6A6-45A9-862F-ADD43344DC37}"
EndProject
Project("{9A19103F-16F7-4668-BE54-9A1E7A4F7556}") = "InventoryManagement.Infrastructure.EFCore", "InventoryManagement.Infrastructure.EFCore\InventoryManagement.Infrastructure.EFCore.csproj", "{B6BDC623-75A9-41DB-98D7-897D03A8BDB5}"
EndProject
Project("{9A19103F-16F7-4668-BE54-9A1E7A4F7556}") = "InventoryManagement.Infrastructure.Configuration", "InventoryManagement.Infrastructure.Configuration\InventoryManagement.Infrastructure.Configuration.csproj", "{67EB0939-F54F-4701-971A-5613C5F0CC74}"
EndProject
Project("{9A19103F-16F7-4668-BE54-9A1E7A4F7556}") = "InventoryManagement.Application", "InventoryManagement.Application\InventoryManagement.Application.csproj", "{5AF8CB02-A547-4513-8F0F-644EABF73FA4}"
EndProject
Project("{2150E333-8FDC-42A3-9474-1A3956D46DE8}") = "BlogManagement", "BlogManagement", "{88CE59DB-3A91-48A6-9205-AB3FDEB1801F}"
EndProject
Project("{2150E333-8FDC-42A3-9474-1A3956D46DE8}") = "BM.Domain", "BM.Domain", "{F74CEE43-A96E-4222-AAA5-E2CD46334276}"
EndProject
Project("{9A19103F-16F7-4668-BE54-9A1E7A4F7556}") = "BlogManagement.Domain", "BlogManagement.Domain\BlogManagement.Domain.csproj", "{0E21EE22-491F-46BC-A7C0-D404720C4603}"
EndProject
Project("{2150E333-8FDC-42A3-9474-1A3956D46DE8}") = "BM.Application", "BM.Application", "{E9B50C3E-B7CC-4FC9-BE52-3EAABA4EF86E}"
EndProject
Project("{9A19103F-16F7-4668-BE54-9A1E7A4F7556}") = "BlogManagement.Application.Contracts", "BlogMangement.Application.Contracts\BlogManagement.Application.Contracts.csproj", "{C828A7BD-6FAA-4F62-AD62-7650259D200B}"
EndProject
Project("{9A19103F-16F7-4668-BE54-9A1E7A4F7556}") = "BlogManagement.Application", "BlogManagement.Application\BlogManagement.Application.csproj", "{164D0119-FAB2-43B3-BE23-5AD98391EB6E}"
EndProject
Project("{2150E333-8FDC-42A3-9474-1A3956D46DE8}") = "BM.Infrastructure", "BM.Infrastructure", "{50E6A7B2-4C56-40B4-A6C9-772F0807B45B}"
EndProject
Project("{9A19103F-16F7-4668-BE54-9A1E7A4F7556}") = "BlogManagement.Infrastructure.EfCore", "BlogMangement.Infrastructure.EfCore\BlogManagement.Infrastructure.EfCore.csproj", "{753EEEE5-32AE-4D59-BEF5-9CFDCD77E116}"
EndProject
Project("{9A19103F-16F7-4668-BE54-9A1E7A4F7556}") = "BlogManagement.Infrastructure.Configuration", "BlogManagement.Infrastructure.Configuration\BlogManagement.Infrastructure.Configuration.csproj", "{EABA440F-98B9-4EE0-8C67-31E75C4CF0DB}"
EndProject
Project("{2150E333-8FDC-42A3-9474-1A3956D46DE8}") = "CommentaManagement", "CommentaManagement", "{F8E96C14-4AFD-4BBC-964D-344FFD2A6D05}"
EndProject
Project("{2150E333-8FDC-42A3-9474-1A3956D46DE8}") = "CM.Domain", "CM.Domain", "{52EA0E2C-2E43-45C9-8F31-6EABD4C7AF07}"
EndProject
Project("{9A19103F-16F7-4668-BE54-9A1E7A4F7556}") = "CommentManagement.Domain", "CommentManagement.Domain\CommentManagement.Domain.csproj", "{9C9A1622-8C05-40F6-83AE-5900EC028595}"
EndProject
Project("{2150E333-8FDC-42A3-9474-1A3956D46DE8}") = "CM.Application", "CM.Application", "{DC6811B1-8077-4A34-8D48-AFB4A7648FEE}"
EndProject
Project("{9A19103F-16F7-4668-BE54-9A1E7A4F7556}") = "CommentManagement.Application.Contracts", "CommentManagement.Application.Contracts\CommentManagement.Application.Contracts.csproj", "{1A0992C5-5943-418B-9598-DF98383E7E47}"
EndProject
Project("{9A19103F-16F7-4668-BE54-9A1E7A4F7556}") = "CommentManagement.Application", "CommentManagement.Application\CommentManagement.Application.csproj", "{6073A591-9917-4A1C-B310-20FC4441CBF0}"
EndProject
Project("{2150E333-8FDC-42A3-9474-1A3956D46DE8}") = "CM.Infrastructure", "CM.Infrastructure", "{0D5FC6F4-4B0C-46A4-9F6C-DF162B065508}"
EndProject
Project("{9A19103F-16F7-4668-BE54-9A1E7A4F7556}") = "CommentManagement.Infrastructure.EfCore", "CommentManagement.Infrasrtucture.EfCore\CommentManagement.Infrastructure.EfCore.csproj", "{2FB34FC4-39AD-44DC-BCE0-A2C66EA5D932}"
EndProject
Project("{9A19103F-16F7-4668-BE54-9A1E7A4F7556}") = "CommentManagement.Infrastructure.Configuration", "CommentManagement.Infrastructure.Configuration\CommentManagement.Infrastructure.Configuration.csproj", "{C9F196FC-6C7C-498B-B838-07B20CF893EB}"
EndProject
Project("{2150E333-8FDC-42A3-9474-1A3956D46DE8}") = "AccountManagement", "AccountManagement", "{2313FBBF-27D3-4987-9BA9-EDE85481206E}"
EndProject
Project("{2150E333-8FDC-42A3-9474-1A3956D46DE8}") = "AM.Domain", "AM.Domain", "{012AD284-5930-4E62-9F73-362EA003C8A8}"
EndProject
Project("{9A19103F-16F7-4668-BE54-9A1E7A4F7556}") = "AccountManagement.Domain", "AccountManagement.Domain\AccountManagement.Domain.csproj", "{446E79E2-E24D-4A83-9462-89C7C6FBA22E}"
EndProject
Project("{2150E333-8FDC-42A3-9474-1A3956D46DE8}") = "AM.Application", "AM.Application", "{BCBEE13E-9A1E-4151-8088-BEE003D2C931}"
EndProject
Project("{9A19103F-16F7-4668-BE54-9A1E7A4F7556}") = "AccountManagement.Application.Contracts", "AccountManagement.Application.Contracts\AccountManagement.Application.Contracts.csproj", "{1C757C1A-A09B-4BD7-8CE1-0584479A8596}"
EndProject
Project("{2150E333-8FDC-42A3-9474-1A3956D46DE8}") = "AM.Infrastructure", "AM.Infrastructure", "{C3D815F1-028A-4D9E-8098-F0D19328D5FA}"
EndProject
Project("{9A19103F-16F7-4668-BE54-9A1E7A4F7556}") = "AccountManagement.Infrastructure.EfCore", "AccountManagement.Infrastructure.EfCore\AccountManagement.Infrastructure.EfCore.csproj", "{8835D58A-81B4-4917-ABD9-D502B8240BF7}"
EndProject
Project("{9A19103F-16F7-4668-BE54-9A1E7A4F7556}") = "AccountManagement.Application", "AccountManagement.Application\AccountManagement.Application.csproj", "{59BE435B-B57A-4083-AC30-8799BBE32F7B}"
EndProject
Project("{9A19103F-16F7-4668-BE54-9A1E7A4F7556}") = "AccountManagement.Infrastructure.Configuration", "AccountManagement.Bootstrapper\AccountManagement.Infrastructure.Configuration.csproj", "{E0C041A9-466F-47A3-A6A4-72EEACD228AD}"
EndProject
Project("{FAE04EC0-301F-11D3-BF4B-00C04F79EFBC}") = "ShopManagement.Infrastructure.InventoryAcl", "ShopManagement.Infrastructure.InventoryAcl\ShopManagement.Infrastructure.InventoryAcl.csproj", "{83B56D2E-339E-4500-A435-3F5DEE981619}"
EndProject
Project("{2150E333-8FDC-42A3-9474-1A3956D46DE8}") = "IM.Presentation", "IM.Presentation", "{71658F88-F9D4-43BA-B36F-C46426E740D0}"
EndProject
Project("{FAE04EC0-301F-11D3-BF4B-00C04F79EFBC}") = "ShopManagement.Presentation.Api", "ShopManagement.Presentation.Api\ShopManagement.Presentation.Api.csproj", "{FBAE4188-BE93-4FD0-83D5-7016224BA96F}"
EndProject
Project("{2150E333-8FDC-42A3-9474-1A3956D46DE8}") = "IM.Presentation", "IM.Presentation", "{0A26BC4B-D746-48B8-B2B0-8B29BF1675F8}"
EndProject
Project("{FAE04EC0-301F-11D3-BF4B-00C04F79EFBC}") = "InventoryManagement.Presentation.Api", "InventoryManagement.Presentation.Api\InventoryManagement.Presentation.Api.csproj", "{483AA8CE-A0BD-457C-ADFE-80717024DD6B}"
EndProject
Global
	GlobalSection(SolutionConfigurationPlatforms) = preSolution
		Debug|Any CPU = Debug|Any CPU
		Release|Any CPU = Release|Any CPU
	EndGlobalSection
	GlobalSection(ProjectConfigurationPlatforms) = postSolution
		{CAE282E7-D075-4A6D-BB3F-020351FEB01F}.Debug|Any CPU.ActiveCfg = Debug|Any CPU
		{CAE282E7-D075-4A6D-BB3F-020351FEB01F}.Debug|Any CPU.Build.0 = Debug|Any CPU
		{CAE282E7-D075-4A6D-BB3F-020351FEB01F}.Release|Any CPU.ActiveCfg = Release|Any CPU
		{CAE282E7-D075-4A6D-BB3F-020351FEB01F}.Release|Any CPU.Build.0 = Release|Any CPU
		{62507049-1C0D-4F22-A935-EE652C46E207}.Debug|Any CPU.ActiveCfg = Debug|Any CPU
		{62507049-1C0D-4F22-A935-EE652C46E207}.Debug|Any CPU.Build.0 = Debug|Any CPU
		{62507049-1C0D-4F22-A935-EE652C46E207}.Release|Any CPU.ActiveCfg = Release|Any CPU
		{62507049-1C0D-4F22-A935-EE652C46E207}.Release|Any CPU.Build.0 = Release|Any CPU
		{9196A86D-24D5-49B2-8E8E-CBF8F708D34F}.Debug|Any CPU.ActiveCfg = Debug|Any CPU
		{9196A86D-24D5-49B2-8E8E-CBF8F708D34F}.Debug|Any CPU.Build.0 = Debug|Any CPU
		{9196A86D-24D5-49B2-8E8E-CBF8F708D34F}.Release|Any CPU.ActiveCfg = Release|Any CPU
		{9196A86D-24D5-49B2-8E8E-CBF8F708D34F}.Release|Any CPU.Build.0 = Release|Any CPU
		{BC47FD24-A16D-4C2B-9BEE-07CCBCF9186F}.Debug|Any CPU.ActiveCfg = Debug|Any CPU
		{BC47FD24-A16D-4C2B-9BEE-07CCBCF9186F}.Debug|Any CPU.Build.0 = Debug|Any CPU
		{BC47FD24-A16D-4C2B-9BEE-07CCBCF9186F}.Release|Any CPU.ActiveCfg = Release|Any CPU
		{BC47FD24-A16D-4C2B-9BEE-07CCBCF9186F}.Release|Any CPU.Build.0 = Release|Any CPU
		{113A53FA-173C-44D4-85FF-60B3C000E895}.Debug|Any CPU.ActiveCfg = Debug|Any CPU
		{113A53FA-173C-44D4-85FF-60B3C000E895}.Debug|Any CPU.Build.0 = Debug|Any CPU
		{113A53FA-173C-44D4-85FF-60B3C000E895}.Release|Any CPU.ActiveCfg = Release|Any CPU
		{113A53FA-173C-44D4-85FF-60B3C000E895}.Release|Any CPU.Build.0 = Release|Any CPU
		{2DEFBF98-3F9B-4BD4-BFDD-F0918F2217BD}.Debug|Any CPU.ActiveCfg = Debug|Any CPU
		{2DEFBF98-3F9B-4BD4-BFDD-F0918F2217BD}.Debug|Any CPU.Build.0 = Debug|Any CPU
		{2DEFBF98-3F9B-4BD4-BFDD-F0918F2217BD}.Release|Any CPU.ActiveCfg = Release|Any CPU
		{2DEFBF98-3F9B-4BD4-BFDD-F0918F2217BD}.Release|Any CPU.Build.0 = Release|Any CPU
		{23156C05-B9CB-4355-BD5C-9DC4F7EC6854}.Debug|Any CPU.ActiveCfg = Debug|Any CPU
		{23156C05-B9CB-4355-BD5C-9DC4F7EC6854}.Debug|Any CPU.Build.0 = Debug|Any CPU
		{23156C05-B9CB-4355-BD5C-9DC4F7EC6854}.Release|Any CPU.ActiveCfg = Release|Any CPU
		{23156C05-B9CB-4355-BD5C-9DC4F7EC6854}.Release|Any CPU.Build.0 = Release|Any CPU
		{1650F790-B303-465F-9B0C-5AD2D5B74133}.Debug|Any CPU.ActiveCfg = Debug|Any CPU
		{1650F790-B303-465F-9B0C-5AD2D5B74133}.Debug|Any CPU.Build.0 = Debug|Any CPU
		{1650F790-B303-465F-9B0C-5AD2D5B74133}.Release|Any CPU.ActiveCfg = Release|Any CPU
		{1650F790-B303-465F-9B0C-5AD2D5B74133}.Release|Any CPU.Build.0 = Release|Any CPU
		{9A2FC243-A1A4-44FF-A76A-BB03A643B58B}.Debug|Any CPU.ActiveCfg = Debug|Any CPU
		{9A2FC243-A1A4-44FF-A76A-BB03A643B58B}.Debug|Any CPU.Build.0 = Debug|Any CPU
		{9A2FC243-A1A4-44FF-A76A-BB03A643B58B}.Release|Any CPU.ActiveCfg = Release|Any CPU
		{9A2FC243-A1A4-44FF-A76A-BB03A643B58B}.Release|Any CPU.Build.0 = Release|Any CPU
		{E9D9F96B-E88B-4660-BAF0-164DAD1EE354}.Debug|Any CPU.ActiveCfg = Debug|Any CPU
		{E9D9F96B-E88B-4660-BAF0-164DAD1EE354}.Debug|Any CPU.Build.0 = Debug|Any CPU
		{E9D9F96B-E88B-4660-BAF0-164DAD1EE354}.Release|Any CPU.ActiveCfg = Release|Any CPU
		{E9D9F96B-E88B-4660-BAF0-164DAD1EE354}.Release|Any CPU.Build.0 = Release|Any CPU
		{EF537706-5A75-4A66-8238-F6DE0D582AC8}.Debug|Any CPU.ActiveCfg = Debug|Any CPU
		{EF537706-5A75-4A66-8238-F6DE0D582AC8}.Debug|Any CPU.Build.0 = Debug|Any CPU
		{EF537706-5A75-4A66-8238-F6DE0D582AC8}.Release|Any CPU.ActiveCfg = Release|Any CPU
		{EF537706-5A75-4A66-8238-F6DE0D582AC8}.Release|Any CPU.Build.0 = Release|Any CPU
		{EFAADC07-2F81-4A9B-B57C-EEC2FCA283FA}.Debug|Any CPU.ActiveCfg = Debug|Any CPU
		{EFAADC07-2F81-4A9B-B57C-EEC2FCA283FA}.Debug|Any CPU.Build.0 = Debug|Any CPU
		{EFAADC07-2F81-4A9B-B57C-EEC2FCA283FA}.Release|Any CPU.ActiveCfg = Release|Any CPU
		{EFAADC07-2F81-4A9B-B57C-EEC2FCA283FA}.Release|Any CPU.Build.0 = Release|Any CPU
		{09A9C32E-5463-4DD8-B2CB-A1C1E588BF7D}.Debug|Any CPU.ActiveCfg = Debug|Any CPU
		{09A9C32E-5463-4DD8-B2CB-A1C1E588BF7D}.Debug|Any CPU.Build.0 = Debug|Any CPU
		{09A9C32E-5463-4DD8-B2CB-A1C1E588BF7D}.Release|Any CPU.ActiveCfg = Release|Any CPU
		{09A9C32E-5463-4DD8-B2CB-A1C1E588BF7D}.Release|Any CPU.Build.0 = Release|Any CPU
		{89BED762-83E6-4841-9999-4D7740B95B14}.Debug|Any CPU.ActiveCfg = Debug|Any CPU
		{89BED762-83E6-4841-9999-4D7740B95B14}.Debug|Any CPU.Build.0 = Debug|Any CPU
		{89BED762-83E6-4841-9999-4D7740B95B14}.Release|Any CPU.ActiveCfg = Release|Any CPU
		{89BED762-83E6-4841-9999-4D7740B95B14}.Release|Any CPU.Build.0 = Release|Any CPU
		{C9A53AF4-6F5C-46A4-B942-A8F501056B59}.Debug|Any CPU.ActiveCfg = Debug|Any CPU
		{C9A53AF4-6F5C-46A4-B942-A8F501056B59}.Debug|Any CPU.Build.0 = Debug|Any CPU
		{C9A53AF4-6F5C-46A4-B942-A8F501056B59}.Release|Any CPU.ActiveCfg = Release|Any CPU
		{C9A53AF4-6F5C-46A4-B942-A8F501056B59}.Release|Any CPU.Build.0 = Release|Any CPU
		{B6BDC623-75A9-41DB-98D7-897D03A8BDB5}.Debug|Any CPU.ActiveCfg = Debug|Any CPU
		{B6BDC623-75A9-41DB-98D7-897D03A8BDB5}.Debug|Any CPU.Build.0 = Debug|Any CPU
		{B6BDC623-75A9-41DB-98D7-897D03A8BDB5}.Release|Any CPU.ActiveCfg = Release|Any CPU
		{B6BDC623-75A9-41DB-98D7-897D03A8BDB5}.Release|Any CPU.Build.0 = Release|Any CPU
		{67EB0939-F54F-4701-971A-5613C5F0CC74}.Debug|Any CPU.ActiveCfg = Debug|Any CPU
		{67EB0939-F54F-4701-971A-5613C5F0CC74}.Debug|Any CPU.Build.0 = Debug|Any CPU
		{67EB0939-F54F-4701-971A-5613C5F0CC74}.Release|Any CPU.ActiveCfg = Release|Any CPU
		{67EB0939-F54F-4701-971A-5613C5F0CC74}.Release|Any CPU.Build.0 = Release|Any CPU
		{5AF8CB02-A547-4513-8F0F-644EABF73FA4}.Debug|Any CPU.ActiveCfg = Debug|Any CPU
		{5AF8CB02-A547-4513-8F0F-644EABF73FA4}.Debug|Any CPU.Build.0 = Debug|Any CPU
		{5AF8CB02-A547-4513-8F0F-644EABF73FA4}.Release|Any CPU.ActiveCfg = Release|Any CPU
		{5AF8CB02-A547-4513-8F0F-644EABF73FA4}.Release|Any CPU.Build.0 = Release|Any CPU
		{0E21EE22-491F-46BC-A7C0-D404720C4603}.Debug|Any CPU.ActiveCfg = Debug|Any CPU
		{0E21EE22-491F-46BC-A7C0-D404720C4603}.Debug|Any CPU.Build.0 = Debug|Any CPU
		{0E21EE22-491F-46BC-A7C0-D404720C4603}.Release|Any CPU.ActiveCfg = Release|Any CPU
		{0E21EE22-491F-46BC-A7C0-D404720C4603}.Release|Any CPU.Build.0 = Release|Any CPU
		{C828A7BD-6FAA-4F62-AD62-7650259D200B}.Debug|Any CPU.ActiveCfg = Debug|Any CPU
		{C828A7BD-6FAA-4F62-AD62-7650259D200B}.Debug|Any CPU.Build.0 = Debug|Any CPU
		{C828A7BD-6FAA-4F62-AD62-7650259D200B}.Release|Any CPU.ActiveCfg = Release|Any CPU
		{C828A7BD-6FAA-4F62-AD62-7650259D200B}.Release|Any CPU.Build.0 = Release|Any CPU
		{164D0119-FAB2-43B3-BE23-5AD98391EB6E}.Debug|Any CPU.ActiveCfg = Debug|Any CPU
		{164D0119-FAB2-43B3-BE23-5AD98391EB6E}.Debug|Any CPU.Build.0 = Debug|Any CPU
		{164D0119-FAB2-43B3-BE23-5AD98391EB6E}.Release|Any CPU.ActiveCfg = Release|Any CPU
		{164D0119-FAB2-43B3-BE23-5AD98391EB6E}.Release|Any CPU.Build.0 = Release|Any CPU
		{753EEEE5-32AE-4D59-BEF5-9CFDCD77E116}.Debug|Any CPU.ActiveCfg = Debug|Any CPU
		{753EEEE5-32AE-4D59-BEF5-9CFDCD77E116}.Debug|Any CPU.Build.0 = Debug|Any CPU
		{753EEEE5-32AE-4D59-BEF5-9CFDCD77E116}.Release|Any CPU.ActiveCfg = Release|Any CPU
		{753EEEE5-32AE-4D59-BEF5-9CFDCD77E116}.Release|Any CPU.Build.0 = Release|Any CPU
		{EABA440F-98B9-4EE0-8C67-31E75C4CF0DB}.Debug|Any CPU.ActiveCfg = Debug|Any CPU
		{EABA440F-98B9-4EE0-8C67-31E75C4CF0DB}.Debug|Any CPU.Build.0 = Debug|Any CPU
		{EABA440F-98B9-4EE0-8C67-31E75C4CF0DB}.Release|Any CPU.ActiveCfg = Release|Any CPU
		{EABA440F-98B9-4EE0-8C67-31E75C4CF0DB}.Release|Any CPU.Build.0 = Release|Any CPU
		{9C9A1622-8C05-40F6-83AE-5900EC028595}.Debug|Any CPU.ActiveCfg = Debug|Any CPU
		{9C9A1622-8C05-40F6-83AE-5900EC028595}.Debug|Any CPU.Build.0 = Debug|Any CPU
		{9C9A1622-8C05-40F6-83AE-5900EC028595}.Release|Any CPU.ActiveCfg = Release|Any CPU
		{9C9A1622-8C05-40F6-83AE-5900EC028595}.Release|Any CPU.Build.0 = Release|Any CPU
		{1A0992C5-5943-418B-9598-DF98383E7E47}.Debug|Any CPU.ActiveCfg = Debug|Any CPU
		{1A0992C5-5943-418B-9598-DF98383E7E47}.Debug|Any CPU.Build.0 = Debug|Any CPU
		{1A0992C5-5943-418B-9598-DF98383E7E47}.Release|Any CPU.ActiveCfg = Release|Any CPU
		{1A0992C5-5943-418B-9598-DF98383E7E47}.Release|Any CPU.Build.0 = Release|Any CPU
		{6073A591-9917-4A1C-B310-20FC4441CBF0}.Debug|Any CPU.ActiveCfg = Debug|Any CPU
		{6073A591-9917-4A1C-B310-20FC4441CBF0}.Debug|Any CPU.Build.0 = Debug|Any CPU
		{6073A591-9917-4A1C-B310-20FC4441CBF0}.Release|Any CPU.ActiveCfg = Release|Any CPU
		{6073A591-9917-4A1C-B310-20FC4441CBF0}.Release|Any CPU.Build.0 = Release|Any CPU
		{2FB34FC4-39AD-44DC-BCE0-A2C66EA5D932}.Debug|Any CPU.ActiveCfg = Debug|Any CPU
		{2FB34FC4-39AD-44DC-BCE0-A2C66EA5D932}.Debug|Any CPU.Build.0 = Debug|Any CPU
		{2FB34FC4-39AD-44DC-BCE0-A2C66EA5D932}.Release|Any CPU.ActiveCfg = Release|Any CPU
		{2FB34FC4-39AD-44DC-BCE0-A2C66EA5D932}.Release|Any CPU.Build.0 = Release|Any CPU
		{C9F196FC-6C7C-498B-B838-07B20CF893EB}.Debug|Any CPU.ActiveCfg = Debug|Any CPU
		{C9F196FC-6C7C-498B-B838-07B20CF893EB}.Debug|Any CPU.Build.0 = Debug|Any CPU
		{C9F196FC-6C7C-498B-B838-07B20CF893EB}.Release|Any CPU.ActiveCfg = Release|Any CPU
		{C9F196FC-6C7C-498B-B838-07B20CF893EB}.Release|Any CPU.Build.0 = Release|Any CPU
		{446E79E2-E24D-4A83-9462-89C7C6FBA22E}.Debug|Any CPU.ActiveCfg = Debug|Any CPU
		{446E79E2-E24D-4A83-9462-89C7C6FBA22E}.Debug|Any CPU.Build.0 = Debug|Any CPU
		{446E79E2-E24D-4A83-9462-89C7C6FBA22E}.Release|Any CPU.ActiveCfg = Release|Any CPU
		{446E79E2-E24D-4A83-9462-89C7C6FBA22E}.Release|Any CPU.Build.0 = Release|Any CPU
		{1C757C1A-A09B-4BD7-8CE1-0584479A8596}.Debug|Any CPU.ActiveCfg = Debug|Any CPU
		{1C757C1A-A09B-4BD7-8CE1-0584479A8596}.Debug|Any CPU.Build.0 = Debug|Any CPU
		{1C757C1A-A09B-4BD7-8CE1-0584479A8596}.Release|Any CPU.ActiveCfg = Release|Any CPU
		{1C757C1A-A09B-4BD7-8CE1-0584479A8596}.Release|Any CPU.Build.0 = Release|Any CPU
		{8835D58A-81B4-4917-ABD9-D502B8240BF7}.Debug|Any CPU.ActiveCfg = Debug|Any CPU
		{8835D58A-81B4-4917-ABD9-D502B8240BF7}.Debug|Any CPU.Build.0 = Debug|Any CPU
		{8835D58A-81B4-4917-ABD9-D502B8240BF7}.Release|Any CPU.ActiveCfg = Release|Any CPU
		{8835D58A-81B4-4917-ABD9-D502B8240BF7}.Release|Any CPU.Build.0 = Release|Any CPU
		{59BE435B-B57A-4083-AC30-8799BBE32F7B}.Debug|Any CPU.ActiveCfg = Debug|Any CPU
		{59BE435B-B57A-4083-AC30-8799BBE32F7B}.Debug|Any CPU.Build.0 = Debug|Any CPU
		{59BE435B-B57A-4083-AC30-8799BBE32F7B}.Release|Any CPU.ActiveCfg = Release|Any CPU
		{59BE435B-B57A-4083-AC30-8799BBE32F7B}.Release|Any CPU.Build.0 = Release|Any CPU
		{E0C041A9-466F-47A3-A6A4-72EEACD228AD}.Debug|Any CPU.ActiveCfg = Debug|Any CPU
		{E0C041A9-466F-47A3-A6A4-72EEACD228AD}.Debug|Any CPU.Build.0 = Debug|Any CPU
		{E0C041A9-466F-47A3-A6A4-72EEACD228AD}.Release|Any CPU.ActiveCfg = Release|Any CPU
		{E0C041A9-466F-47A3-A6A4-72EEACD228AD}.Release|Any CPU.Build.0 = Release|Any CPU
		{83B56D2E-339E-4500-A435-3F5DEE981619}.Debug|Any CPU.ActiveCfg = Debug|Any CPU
		{83B56D2E-339E-4500-A435-3F5DEE981619}.Debug|Any CPU.Build.0 = Debug|Any CPU
		{83B56D2E-339E-4500-A435-3F5DEE981619}.Release|Any CPU.ActiveCfg = Release|Any CPU
		{83B56D2E-339E-4500-A435-3F5DEE981619}.Release|Any CPU.Build.0 = Release|Any CPU
		{FBAE4188-BE93-4FD0-83D5-7016224BA96F}.Debug|Any CPU.ActiveCfg = Debug|Any CPU
		{FBAE4188-BE93-4FD0-83D5-7016224BA96F}.Debug|Any CPU.Build.0 = Debug|Any CPU
		{FBAE4188-BE93-4FD0-83D5-7016224BA96F}.Release|Any CPU.ActiveCfg = Release|Any CPU
		{FBAE4188-BE93-4FD0-83D5-7016224BA96F}.Release|Any CPU.Build.0 = Release|Any CPU
		{483AA8CE-A0BD-457C-ADFE-80717024DD6B}.Debug|Any CPU.ActiveCfg = Debug|Any CPU
		{483AA8CE-A0BD-457C-ADFE-80717024DD6B}.Debug|Any CPU.Build.0 = Debug|Any CPU
		{483AA8CE-A0BD-457C-ADFE-80717024DD6B}.Release|Any CPU.ActiveCfg = Release|Any CPU
		{483AA8CE-A0BD-457C-ADFE-80717024DD6B}.Release|Any CPU.Build.0 = Release|Any CPU
	EndGlobalSection
	GlobalSection(SolutionProperties) = preSolution
		HideSolutionNode = FALSE
	EndGlobalSection
	GlobalSection(NestedProjects) = preSolution
		{125550C2-A59F-4278-8BC5-7B98D70A3A78} = {5EEA0A42-04C6-4CEC-9966-4A0C27AB9CD3}
		{CAE282E7-D075-4A6D-BB3F-020351FEB01F} = {125550C2-A59F-4278-8BC5-7B98D70A3A78}
		{882D2A2C-4C87-4C18-9DA0-E870FBB8C7F3} = {5EEA0A42-04C6-4CEC-9966-4A0C27AB9CD3}
		{9196A86D-24D5-49B2-8E8E-CBF8F708D34F} = {882D2A2C-4C87-4C18-9DA0-E870FBB8C7F3}
		{BC47FD24-A16D-4C2B-9BEE-07CCBCF9186F} = {882D2A2C-4C87-4C18-9DA0-E870FBB8C7F3}
		{73A98BBC-ACF4-4765-B2CD-56F86779F3B3} = {5EEA0A42-04C6-4CEC-9966-4A0C27AB9CD3}
		{113A53FA-173C-44D4-85FF-60B3C000E895} = {73A98BBC-ACF4-4765-B2CD-56F86779F3B3}
		{2DEFBF98-3F9B-4BD4-BFDD-F0918F2217BD} = {73A98BBC-ACF4-4765-B2CD-56F86779F3B3}
		{FFAA25E4-8CE0-4539-A645-9210E465BE8B} = {1A3DE464-C926-4216-AF7D-F93E354735E8}
		{9A2FC243-A1A4-44FF-A76A-BB03A643B58B} = {FFAA25E4-8CE0-4539-A645-9210E465BE8B}
		{B9AA79FE-2B49-4A7E-A69E-55511090B491} = {1A3DE464-C926-4216-AF7D-F93E354735E8}
		{E9D9F96B-E88B-4660-BAF0-164DAD1EE354} = {B9AA79FE-2B49-4A7E-A69E-55511090B491}
		{EF537706-5A75-4A66-8238-F6DE0D582AC8} = {B9AA79FE-2B49-4A7E-A69E-55511090B491}
		{94DF1E4C-35C0-4B1C-9591-3829BCD05B91} = {1A3DE464-C926-4216-AF7D-F93E354735E8}
		{EFAADC07-2F81-4A9B-B57C-EEC2FCA283FA} = {94DF1E4C-35C0-4B1C-9591-3829BCD05B91}
		{09A9C32E-5463-4DD8-B2CB-A1C1E588BF7D} = {94DF1E4C-35C0-4B1C-9591-3829BCD05B91}
		{6B824BFD-63B8-4CA3-BC41-ABE12F070903} = {22C76B43-4153-4070-B853-7235324AF0C6}
		{89BED762-83E6-4841-9999-4D7740B95B14} = {6B824BFD-63B8-4CA3-BC41-ABE12F070903}
		{F36C928F-B0FE-4A8C-997E-6AEF4F7AB9BE} = {22C76B43-4153-4070-B853-7235324AF0C6}
		{C9A53AF4-6F5C-46A4-B942-A8F501056B59} = {F36C928F-B0FE-4A8C-997E-6AEF4F7AB9BE}
		{CC5BCB56-E6A6-45A9-862F-ADD43344DC37} = {22C76B43-4153-4070-B853-7235324AF0C6}
		{B6BDC623-75A9-41DB-98D7-897D03A8BDB5} = {CC5BCB56-E6A6-45A9-862F-ADD43344DC37}
		{67EB0939-F54F-4701-971A-5613C5F0CC74} = {CC5BCB56-E6A6-45A9-862F-ADD43344DC37}
		{5AF8CB02-A547-4513-8F0F-644EABF73FA4} = {F36C928F-B0FE-4A8C-997E-6AEF4F7AB9BE}
		{F74CEE43-A96E-4222-AAA5-E2CD46334276} = {88CE59DB-3A91-48A6-9205-AB3FDEB1801F}
		{0E21EE22-491F-46BC-A7C0-D404720C4603} = {F74CEE43-A96E-4222-AAA5-E2CD46334276}
		{E9B50C3E-B7CC-4FC9-BE52-3EAABA4EF86E} = {88CE59DB-3A91-48A6-9205-AB3FDEB1801F}
		{C828A7BD-6FAA-4F62-AD62-7650259D200B} = {E9B50C3E-B7CC-4FC9-BE52-3EAABA4EF86E}
		{164D0119-FAB2-43B3-BE23-5AD98391EB6E} = {E9B50C3E-B7CC-4FC9-BE52-3EAABA4EF86E}
		{50E6A7B2-4C56-40B4-A6C9-772F0807B45B} = {88CE59DB-3A91-48A6-9205-AB3FDEB1801F}
		{753EEEE5-32AE-4D59-BEF5-9CFDCD77E116} = {50E6A7B2-4C56-40B4-A6C9-772F0807B45B}
		{EABA440F-98B9-4EE0-8C67-31E75C4CF0DB} = {50E6A7B2-4C56-40B4-A6C9-772F0807B45B}
		{52EA0E2C-2E43-45C9-8F31-6EABD4C7AF07} = {F8E96C14-4AFD-4BBC-964D-344FFD2A6D05}
		{9C9A1622-8C05-40F6-83AE-5900EC028595} = {52EA0E2C-2E43-45C9-8F31-6EABD4C7AF07}
		{DC6811B1-8077-4A34-8D48-AFB4A7648FEE} = {F8E96C14-4AFD-4BBC-964D-344FFD2A6D05}
		{1A0992C5-5943-418B-9598-DF98383E7E47} = {DC6811B1-8077-4A34-8D48-AFB4A7648FEE}
		{6073A591-9917-4A1C-B310-20FC4441CBF0} = {DC6811B1-8077-4A34-8D48-AFB4A7648FEE}
		{0D5FC6F4-4B0C-46A4-9F6C-DF162B065508} = {F8E96C14-4AFD-4BBC-964D-344FFD2A6D05}
		{2FB34FC4-39AD-44DC-BCE0-A2C66EA5D932} = {0D5FC6F4-4B0C-46A4-9F6C-DF162B065508}
		{C9F196FC-6C7C-498B-B838-07B20CF893EB} = {0D5FC6F4-4B0C-46A4-9F6C-DF162B065508}
		{012AD284-5930-4E62-9F73-362EA003C8A8} = {2313FBBF-27D3-4987-9BA9-EDE85481206E}
		{446E79E2-E24D-4A83-9462-89C7C6FBA22E} = {012AD284-5930-4E62-9F73-362EA003C8A8}
		{BCBEE13E-9A1E-4151-8088-BEE003D2C931} = {2313FBBF-27D3-4987-9BA9-EDE85481206E}
		{1C757C1A-A09B-4BD7-8CE1-0584479A8596} = {BCBEE13E-9A1E-4151-8088-BEE003D2C931}
		{C3D815F1-028A-4D9E-8098-F0D19328D5FA} = {2313FBBF-27D3-4987-9BA9-EDE85481206E}
		{8835D58A-81B4-4917-ABD9-D502B8240BF7} = {C3D815F1-028A-4D9E-8098-F0D19328D5FA}
		{59BE435B-B57A-4083-AC30-8799BBE32F7B} = {BCBEE13E-9A1E-4151-8088-BEE003D2C931}
		{E0C041A9-466F-47A3-A6A4-72EEACD228AD} = {C3D815F1-028A-4D9E-8098-F0D19328D5FA}
		{83B56D2E-339E-4500-A435-3F5DEE981619} = {73A98BBC-ACF4-4765-B2CD-56F86779F3B3}
		{71658F88-F9D4-43BA-B36F-C46426E740D0} = {5EEA0A42-04C6-4CEC-9966-4A0C27AB9CD3}
		{FBAE4188-BE93-4FD0-83D5-7016224BA96F} = {71658F88-F9D4-43BA-B36F-C46426E740D0}
		{0A26BC4B-D746-48B8-B2B0-8B29BF1675F8} = {22C76B43-4153-4070-B853-7235324AF0C6}
		{483AA8CE-A0BD-457C-ADFE-80717024DD6B} = {0A26BC4B-D746-48B8-B2B0-8B29BF1675F8}
	EndGlobalSection
	GlobalSection(ExtensibilityGlobals) = postSolution
		SolutionGuid = {112272E4-8EF8-479C-9CEF-AB6F212CA2B0}
	EndGlobalSection
EndGlobal
